
Microsoft Visual Studio Solution File, Format Version 12.00
# Visual Studio Version 17
VisualStudioVersion = 17.0.31521.260
MinimumVisualStudioVersion = 10.0.40219.1
Project("{9A19103F-16F7-4668-BE54-9A1E7A4F7556}") = "thingiverse-cli", "thingiverse-cli.csproj", "{D0912317-1C5F-4702-A880-987450E5B62F}"
EndProject
Global
	GlobalSection(SolutionConfigurationPlatforms) = preSolution
		Debug|Any CPU = Debug|Any CPU
		Release|Any CPU = Release|Any CPU
	EndGlobalSection
	GlobalSection(ProjectConfigurationPlatforms) = postSolution
		{D0912317-1C5F-4702-A880-987450E5B62F}.Debug|Any CPU.ActiveCfg = Debug|Any CPU
		{D0912317-1C5F-4702-A880-987450E5B62F}.Debug|Any CPU.Build.0 = Debug|Any CPU
		{D0912317-1C5F-4702-A880-987450E5B62F}.Release|Any CPU.ActiveCfg = Release|Any CPU
		{D0912317-1C5F-4702-A880-987450E5B62F}.Release|Any CPU.Build.0 = Release|Any CPU
	EndGlobalSection
	GlobalSection(SolutionProperties) = preSolution
		HideSolutionNode = FALSE
	EndGlobalSection
	GlobalSection(ExtensibilityGlobals) = postSolution
		SolutionGuid = {6335B873-F554-4BC0-886C-CB1186A29937}
	EndGlobalSection
EndGlobal
